
Microsoft Visual Studio Solution File, Format Version 12.00
# Visual Studio Version 16
VisualStudioVersion = 16.0.32228.343
MinimumVisualStudioVersion = 10.0.40219.1
Project("{2150E333-8FDC-42A3-9474-1A3956D46DE8}") = "Chapter02", "Chapter02", "{50E71813-5CFC-43F0-A4E7-BE5FACC60C26}"
EndProject
Project("{FAE04EC0-301F-11D3-BF4B-00C04F79EFBC}") = "DistanceConverter", "Chapter02\DistanceConverter\DistanceConverter.csproj", "{83681510-C757-457B-A370-EB4263FB07E2}"
EndProject
Project("{FAE04EC0-301F-11D3-BF4B-00C04F79EFBC}") = "Exercise01", "Chapter02\Exercise01\Exercise01\Exercise01.csproj", "{BDF666CC-C69C-4D5E-A9B1-4AE488525341}"
EndProject
Project("{FAE04EC0-301F-11D3-BF4B-00C04F79EFBC}") = "Exercise02", "Chapter02\Exercise02\Exercise02.csproj", "{4CF36990-A86E-40F3-AD7F-4C0501B303E1}"
EndProject
Project("{FAE04EC0-301F-11D3-BF4B-00C04F79EFBC}") = "Exercise03", "Chapter02\Exercise03\Exercise03.csproj", "{85E83F36-314F-4280-BC17-7F48E0B35C37}"
EndProject
Project("{FAE04EC0-301F-11D3-BF4B-00C04F79EFBC}") = "SalesCalculator", "Chapter02\SalesCalculator\SalesCalculator.csproj", "{1CBC4CE8-C9C1-4572-BACF-AB02FB00A053}"
EndProject
Project("{2150E333-8FDC-42A3-9474-1A3956D46DE8}") = "Chapter03", "Chapter03", "{F002EB85-340A-4B62-8A28-E70B928A6586}"
EndProject
Project("{FAE04EC0-301F-11D3-BF4B-00C04F79EFBC}") = "Exercise01", "Chapter03\Exercise01\Exercise01.csproj", "{3EA5DD6B-6623-420D-8016-A6845ABDA3F8}"
EndProject
Project("{FAE04EC0-301F-11D3-BF4B-00C04F79EFBC}") = "Exercise02", "Chapter03\Exercise02\Exercise02.csproj", "{6317FE05-686E-4B65-915D-E3CC02CA1E5E}"
EndProject
Project("{FAE04EC0-301F-11D3-BF4B-00C04F79EFBC}") = "Section01", "Chapter03\Section01\Section01.csproj", "{CFD8E689-8590-4148-8DB0-DDCD1985B78C}"
EndProject
Project("{FAE04EC0-301F-11D3-BF4B-00C04F79EFBC}") = "Section04", "Chapter03\Section02\Section04.csproj", "{3D4D1AA2-B26E-4626-9575-AE006D3D84F5}"
EndProject
Project("{2150E333-8FDC-42A3-9474-1A3956D46DE8}") = "Chapter04", "Chapter04", "{479E9171-ACF3-408E-98E8-5DC5AD31FA67}"
EndProject
Project("{FAE04EC0-301F-11D3-BF4B-00C04F79EFBC}") = "Exercise01", "Chapter04\Exercise01\Exercise01.csproj", "{773C6A0B-15F6-4E4F-81D5-9CAAED2D8EF4}"
EndProject
Project("{FAE04EC0-301F-11D3-BF4B-00C04F79EFBC}") = "Exercise02", "Chapter04\Exercise02\Exercise02.csproj", "{60BA5FCF-E834-42A8-99EE-6A62B09D972A}"
EndProject
Project("{2150E333-8FDC-42A3-9474-1A3956D46DE8}") = "Chapter05", "Chapter05", "{65A3FFC9-A32F-4679-AFB4-E14248E0D7FF}"
EndProject
Project("{FAE04EC0-301F-11D3-BF4B-00C04F79EFBC}") = "Exercise01", "Chapter05\Exercise01\Exercise01.csproj", "{8212842E-E1D5-47D3-9B7E-412B25B26B0D}"
EndProject
Project("{FAE04EC0-301F-11D3-BF4B-00C04F79EFBC}") = "Exercise02", "Chapter05\Exercise02\Exercise02.csproj", "{86B42688-F71A-4982-81F1-B6F7E4A86CC5}"
EndProject
Project("{FAE04EC0-301F-11D3-BF4B-00C04F79EFBC}") = "Exercise03", "Chapter05\Exercise03\Exercise03.csproj", "{7A0EB6BB-F391-4694-8774-D368E28ADFA5}"
EndProject
Project("{FAE04EC0-301F-11D3-BF4B-00C04F79EFBC}") = "Exercise04", "Chapter05\Exercise04\Exercise04.csproj", "{025FAA7D-537B-4951-A6E5-0B9EBBD0538E}"
EndProject
Project("{2150E333-8FDC-42A3-9474-1A3956D46DE8}") = "Chapter06", "Chapter06", "{DE24C544-1423-4BD4-B0A0-D5FE0C00134B}"
EndProject
Project("{FAE04EC0-301F-11D3-BF4B-00C04F79EFBC}") = "Exercise01", "Chapter06\Exercise01\Exercise01.csproj", "{92052F1B-7979-4C5D-9F35-C60F486F928F}"
EndProject
Project("{FAE04EC0-301F-11D3-BF4B-00C04F79EFBC}") = "Exercise02", "Chapter06\Exercise02\Exercise02.csproj", "{064442E5-8B7A-47E1-974A-BA61D24DFF14}"
EndProject
Project("{2150E333-8FDC-42A3-9474-1A3956D46DE8}") = "FormAppSample", "FormAppSample", "{698E4D1C-729E-44A8-9067-1405D97B4244}"
EndProject
Project("{FAE04EC0-301F-11D3-BF4B-00C04F79EFBC}") = "Sample0603", "FormAppSample\Sample0603\Sample0603\Sample0603.csproj", "{79E064BF-E62D-46B2-92A5-E76AB980D243}"
EndProject
Project("{FAE04EC0-301F-11D3-BF4B-00C04F79EFBC}") = "Sample0607", "FormAppSample\Sample0607\Sample0607.csproj", "{574F8D3A-2251-4E11-B96D-DEBBC0B7DDFB}"
EndProject
Project("{FAE04EC0-301F-11D3-BF4B-00C04F79EFBC}") = "NumberGame", "FormAppSample\NumberGame\NumberGame.csproj", "{457B3066-5B1F-4ACC-BF56-0ED2B727319E}"
EndProject
Project("{FAE04EC0-301F-11D3-BF4B-00C04F79EFBC}") = "AddressBook", "FormAppSample\AddressBook\AddressBook.csproj", "{69B9ED81-415B-4E46-9372-FE79065DAEDA}"
EndProject
Project("{2150E333-8FDC-42A3-9474-1A3956D46DE8}") = "Test202206", "Test202206", "{DB937CE1-D310-4E08-82DC-B24DEEAFB490}"
EndProject
Project("{FAE04EC0-301F-11D3-BF4B-00C04F79EFBC}") = "Test01", "Test202206\TestProject\Test01\Test01.csproj", "{2BFACDC3-F44D-4199-8498-F5C3C4AC0335}"
EndProject
Project("{FAE04EC0-301F-11D3-BF4B-00C04F79EFBC}") = "Test02", "Test202206\TestProject\Test02\Test02.csproj", "{E461C0A8-8900-485C-B520-E929BA33F712}"
EndProject
Project("{2150E333-8FDC-42A3-9474-1A3956D46DE8}") = "Chapter11", "Chapter11", "{380A4FA3-697F-492F-ADBB-7047AC1EBCAC}"
EndProject
Project("{FAE04EC0-301F-11D3-BF4B-00C04F79EFBC}") = "XmlSample", "Chapter11\XmlSample\XmlSample.csproj", "{3C4FDF66-7F93-48EE-9A47-E8A9976AE153}"
EndProject
Project("{FAE04EC0-301F-11D3-BF4B-00C04F79EFBC}") = "RssReader", "Chapter11\RssReader\RssReader.csproj", "{9E2F59CE-85F7-44EE-85B7-F143288406E3}"
EndProject
Project("{FAE04EC0-301F-11D3-BF4B-00C04F79EFBC}") = "Exercise1", "Chapter11\Exercise1\Exercise1.csproj", "{0B8C9EF4-330A-4000-AFCA-E1BE7FD13689}"
EndProject
Project("{2150E333-8FDC-42A3-9474-1A3956D46DE8}") = "Chapter12", "Chapter12", "{A9AACCE4-5E54-41B7-8630-290B0FF54A68}"
EndProject
Project("{FAE04EC0-301F-11D3-BF4B-00C04F79EFBC}") = "Section01", "Chapter12\Section01\Section01.csproj", "{900BBDC9-4C12-429E-964F-F03F2BCF5361}"
EndProject
Project("{FAE04EC0-301F-11D3-BF4B-00C04F79EFBC}") = "Section02", "Chapter12\Section02\Section02.csproj", "{6DA745F4-2148-428A-9E51-C9169A55EEA3}"
EndProject
Project("{FAE04EC0-301F-11D3-BF4B-00C04F79EFBC}") = "Exercise01", "Chapter12\Exercise01\Exercise01.csproj", "{94B1162D-6571-401E-AE67-3D194F822BCC}"
EndProject
Project("{FAE04EC0-301F-11D3-BF4B-00C04F79EFBC}") = "Exercise02", "Chapter12\Exercise02\Exercise02.csproj", "{570A0D6A-6A25-4BA0-BCFE-82E1CD171439}"
EndProject
Project("{2150E333-8FDC-42A3-9474-1A3956D46DE8}") = "CarReportSystem", "CarReportSystem", "{69D65B71-7BD3-46C5-B10F-951ACC805F40}"
EndProject
Project("{FAE04EC0-301F-11D3-BF4B-00C04F79EFBC}") = "CarReportSystem", "CarReportSystem\CarReportSystem\CarReportSystem.csproj", "{875BF465-24DF-4379-B1BD-1E9605991FE1}"
EndProject
Project("{2150E333-8FDC-42A3-9474-1A3956D46DE8}") = "DesignPattern", "DesignPattern", "{E555512D-6DAE-454B-A303-4FB35BC74572}"
EndProject
Project("{FAE04EC0-301F-11D3-BF4B-00C04F79EFBC}") = "SingletonSample", "DesignPattern\SingletonSample\SingletonSample.csproj", "{889DB3BC-ECDE-4DBD-A615-D19684922B17}"
EndProject
Project("{2150E333-8FDC-42A3-9474-1A3956D46DE8}") = "Chapter17", "Chapter17", "{AB3C5E9B-E736-417F-A9C8-24C78A8EDCCE}"
EndProject
Project("{FAE04EC0-301F-11D3-BF4B-00C04F79EFBC}") = "Section01", "Chapter17\Section01\Section01.csproj", "{24A49153-108B-400B-9890-B0D456B98E6F}"
EndProject
Project("{2150E333-8FDC-42A3-9474-1A3956D46DE8}") = "TemplateMethod", "TemplateMethod", "{D75A7FCB-96AF-4F8F-91A4-77FD8338A67A}"
EndProject
Project("{FAE04EC0-301F-11D3-BF4B-00C04F79EFBC}") = "TextFileProcessor", "Chapter17\TemplateMethod\TextFileProcessor\TextFileProcessor.csproj", "{66C81FB5-1CC8-48D5-A8FC-9B4C5065DF39}"
EndProject
Project("{FAE04EC0-301F-11D3-BF4B-00C04F79EFBC}") = "LineCounter", "Chapter17\TemplateMethod\LineCount\LineCounter.csproj", "{B1E8A0F0-7DBA-4726-A516-8B3E7CADF43E}"
EndProject
Project("{FAE04EC0-301F-11D3-BF4B-00C04F79EFBC}") = "Exercise01", "Chapter17\Exercise01\Exercise01.csproj", "{4A60667C-EB74-42AB-A9A2-C9557DB300DE}"
EndProject
Project("{2150E333-8FDC-42A3-9474-1A3956D46DE8}") = "Strategy", "Strategy", "{DD0C6792-12A4-453C-A1C3-4D76A2DDCEF3}"
EndProject
Project("{FAE04EC0-301F-11D3-BF4B-00C04F79EFBC}") = "DistanceConverter", "Chapter17\Strategy\DistanceConverter\DistanceConverter.csproj", "{1651B7D8-76D5-4563-830E-414EF2BB6363}"
EndProject
Project("{2150E333-8FDC-42A3-9474-1A3956D46DE8}") = "ADONET", "ADONET", "{7A25F49E-6437-4F9A-98E9-D5A7A3371B8B}"
EndProject
Project("{FAE04EC0-301F-11D3-BF4B-00C04F79EFBC}") = "DataBaseSample", "ADONET\DataBaseSample\DataBaseSample.csproj", "{2C6721FF-A62D-4CE9-AECF-71D69C994EED}"
EndProject
Project("{FAE04EC0-301F-11D3-BF4B-00C04F79EFBC}") = "AddressBook", "ADONET\AddressBook\AddressBook.csproj", "{B422D9E3-3635-4D3B-AB59-5B1E2529EF12}"
EndProject
Project("{2150E333-8FDC-42A3-9474-1A3956D46DE8}") = "Chapter13", "Chapter13", "{536CD7AC-D360-4402-9530-F0069E9FA6B0}"
EndProject
Project("{FAE04EC0-301F-11D3-BF4B-00C04F79EFBC}") = "SampleEntityFramework", "Chapter13\SampleEntityFramework\SampleEntityFramework.csproj", "{B02FF092-5DDD-4CDE-B88E-774A6533F390}"
EndProject
Project("{2150E333-8FDC-42A3-9474-1A3956D46DE8}") = "Chapter15", "Chapter15", "{B244DA54-2C1B-4DB7-A944-45EB8761962E}"
EndProject
Project("{FAE04EC0-301F-11D3-BF4B-00C04F79EFBC}") = "Chapter15", "Chapter15\Chapter15\Chapter15.csproj", "{5CCAE6FF-5468-41A1-B507-25634426EBF5}"
EndProject
Project("{FAE04EC0-301F-11D3-BF4B-00C04F79EFBC}") = "Exercise1", "Chapter15\Exercise1\Exercise1.csproj", "{6A9CA398-B70B-49B1-81E4-9055865F87BF}"
EndProject
Project("{2150E333-8FDC-42A3-9474-1A3956D46DE8}") = "WPF", "WPF", "{F17F5FA2-C57D-48D3-B17A-7C922DC29330}"
EndProject
Project("{FAE04EC0-301F-11D3-BF4B-00C04F79EFBC}") = "SampleApplication", "WPF\SampleApplication\SampleApplication.csproj", "{D0E0D835-2D87-4DD0-8CE5-3C8A971DE921}"
EndProject
Project("{FAE04EC0-301F-11D3-BF4B-00C04F79EFBC}") = "NumberGame", "WPF\NumberGame\NumberGame.csproj", "{CFCA7314-3B74-4B95-8564-D9BA2066F09A}"
EndProject
Project("{FAE04EC0-301F-11D3-BF4B-00C04F79EFBC}") = "SampleSlider", "WPF\WpfApp1\SampleSlider.csproj", "{E43B5A29-AE89-4D54-928A-1369EDEBD02C}"
EndProject
Project("{FAE04EC0-301F-11D3-BF4B-00C04F79EFBC}") = "SampleUnitconverter", "WPF\SampleUnitconverter\SampleUnitconverter.csproj", "{B369AF00-B299-4AAD-82B8-9EE176B0A1B3}"
EndProject
Global
	GlobalSection(SolutionConfigurationPlatforms) = preSolution
		Debug|Any CPU = Debug|Any CPU
		Release|Any CPU = Release|Any CPU
	EndGlobalSection
	GlobalSection(ProjectConfigurationPlatforms) = postSolution
		{83681510-C757-457B-A370-EB4263FB07E2}.Debug|Any CPU.ActiveCfg = Debug|Any CPU
		{83681510-C757-457B-A370-EB4263FB07E2}.Debug|Any CPU.Build.0 = Debug|Any CPU
		{83681510-C757-457B-A370-EB4263FB07E2}.Release|Any CPU.ActiveCfg = Release|Any CPU
		{83681510-C757-457B-A370-EB4263FB07E2}.Release|Any CPU.Build.0 = Release|Any CPU
		{BDF666CC-C69C-4D5E-A9B1-4AE488525341}.Debug|Any CPU.ActiveCfg = Debug|Any CPU
		{BDF666CC-C69C-4D5E-A9B1-4AE488525341}.Debug|Any CPU.Build.0 = Debug|Any CPU
		{BDF666CC-C69C-4D5E-A9B1-4AE488525341}.Release|Any CPU.ActiveCfg = Release|Any CPU
		{BDF666CC-C69C-4D5E-A9B1-4AE488525341}.Release|Any CPU.Build.0 = Release|Any CPU
		{4CF36990-A86E-40F3-AD7F-4C0501B303E1}.Debug|Any CPU.ActiveCfg = Debug|Any CPU
		{4CF36990-A86E-40F3-AD7F-4C0501B303E1}.Debug|Any CPU.Build.0 = Debug|Any CPU
		{4CF36990-A86E-40F3-AD7F-4C0501B303E1}.Release|Any CPU.ActiveCfg = Release|Any CPU
		{4CF36990-A86E-40F3-AD7F-4C0501B303E1}.Release|Any CPU.Build.0 = Release|Any CPU
		{85E83F36-314F-4280-BC17-7F48E0B35C37}.Debug|Any CPU.ActiveCfg = Debug|Any CPU
		{85E83F36-314F-4280-BC17-7F48E0B35C37}.Debug|Any CPU.Build.0 = Debug|Any CPU
		{85E83F36-314F-4280-BC17-7F48E0B35C37}.Release|Any CPU.ActiveCfg = Release|Any CPU
		{85E83F36-314F-4280-BC17-7F48E0B35C37}.Release|Any CPU.Build.0 = Release|Any CPU
		{1CBC4CE8-C9C1-4572-BACF-AB02FB00A053}.Debug|Any CPU.ActiveCfg = Debug|Any CPU
		{1CBC4CE8-C9C1-4572-BACF-AB02FB00A053}.Debug|Any CPU.Build.0 = Debug|Any CPU
		{1CBC4CE8-C9C1-4572-BACF-AB02FB00A053}.Release|Any CPU.ActiveCfg = Release|Any CPU
		{1CBC4CE8-C9C1-4572-BACF-AB02FB00A053}.Release|Any CPU.Build.0 = Release|Any CPU
		{3EA5DD6B-6623-420D-8016-A6845ABDA3F8}.Debug|Any CPU.ActiveCfg = Debug|Any CPU
		{3EA5DD6B-6623-420D-8016-A6845ABDA3F8}.Debug|Any CPU.Build.0 = Debug|Any CPU
		{3EA5DD6B-6623-420D-8016-A6845ABDA3F8}.Release|Any CPU.ActiveCfg = Release|Any CPU
		{3EA5DD6B-6623-420D-8016-A6845ABDA3F8}.Release|Any CPU.Build.0 = Release|Any CPU
		{6317FE05-686E-4B65-915D-E3CC02CA1E5E}.Debug|Any CPU.ActiveCfg = Debug|Any CPU
		{6317FE05-686E-4B65-915D-E3CC02CA1E5E}.Debug|Any CPU.Build.0 = Debug|Any CPU
		{6317FE05-686E-4B65-915D-E3CC02CA1E5E}.Release|Any CPU.ActiveCfg = Release|Any CPU
		{6317FE05-686E-4B65-915D-E3CC02CA1E5E}.Release|Any CPU.Build.0 = Release|Any CPU
		{CFD8E689-8590-4148-8DB0-DDCD1985B78C}.Debug|Any CPU.ActiveCfg = Debug|Any CPU
		{CFD8E689-8590-4148-8DB0-DDCD1985B78C}.Debug|Any CPU.Build.0 = Debug|Any CPU
		{CFD8E689-8590-4148-8DB0-DDCD1985B78C}.Release|Any CPU.ActiveCfg = Release|Any CPU
		{CFD8E689-8590-4148-8DB0-DDCD1985B78C}.Release|Any CPU.Build.0 = Release|Any CPU
		{3D4D1AA2-B26E-4626-9575-AE006D3D84F5}.Debug|Any CPU.ActiveCfg = Debug|Any CPU
		{3D4D1AA2-B26E-4626-9575-AE006D3D84F5}.Debug|Any CPU.Build.0 = Debug|Any CPU
		{3D4D1AA2-B26E-4626-9575-AE006D3D84F5}.Release|Any CPU.ActiveCfg = Release|Any CPU
		{3D4D1AA2-B26E-4626-9575-AE006D3D84F5}.Release|Any CPU.Build.0 = Release|Any CPU
		{773C6A0B-15F6-4E4F-81D5-9CAAED2D8EF4}.Debug|Any CPU.ActiveCfg = Debug|Any CPU
		{773C6A0B-15F6-4E4F-81D5-9CAAED2D8EF4}.Debug|Any CPU.Build.0 = Debug|Any CPU
		{773C6A0B-15F6-4E4F-81D5-9CAAED2D8EF4}.Release|Any CPU.ActiveCfg = Release|Any CPU
		{773C6A0B-15F6-4E4F-81D5-9CAAED2D8EF4}.Release|Any CPU.Build.0 = Release|Any CPU
		{60BA5FCF-E834-42A8-99EE-6A62B09D972A}.Debug|Any CPU.ActiveCfg = Debug|Any CPU
		{60BA5FCF-E834-42A8-99EE-6A62B09D972A}.Debug|Any CPU.Build.0 = Debug|Any CPU
		{60BA5FCF-E834-42A8-99EE-6A62B09D972A}.Release|Any CPU.ActiveCfg = Release|Any CPU
		{60BA5FCF-E834-42A8-99EE-6A62B09D972A}.Release|Any CPU.Build.0 = Release|Any CPU
		{8212842E-E1D5-47D3-9B7E-412B25B26B0D}.Debug|Any CPU.ActiveCfg = Debug|Any CPU
		{8212842E-E1D5-47D3-9B7E-412B25B26B0D}.Debug|Any CPU.Build.0 = Debug|Any CPU
		{8212842E-E1D5-47D3-9B7E-412B25B26B0D}.Release|Any CPU.ActiveCfg = Release|Any CPU
		{8212842E-E1D5-47D3-9B7E-412B25B26B0D}.Release|Any CPU.Build.0 = Release|Any CPU
		{86B42688-F71A-4982-81F1-B6F7E4A86CC5}.Debug|Any CPU.ActiveCfg = Debug|Any CPU
		{86B42688-F71A-4982-81F1-B6F7E4A86CC5}.Debug|Any CPU.Build.0 = Debug|Any CPU
		{86B42688-F71A-4982-81F1-B6F7E4A86CC5}.Release|Any CPU.ActiveCfg = Release|Any CPU
		{86B42688-F71A-4982-81F1-B6F7E4A86CC5}.Release|Any CPU.Build.0 = Release|Any CPU
		{7A0EB6BB-F391-4694-8774-D368E28ADFA5}.Debug|Any CPU.ActiveCfg = Debug|Any CPU
		{7A0EB6BB-F391-4694-8774-D368E28ADFA5}.Debug|Any CPU.Build.0 = Debug|Any CPU
		{7A0EB6BB-F391-4694-8774-D368E28ADFA5}.Release|Any CPU.ActiveCfg = Release|Any CPU
		{7A0EB6BB-F391-4694-8774-D368E28ADFA5}.Release|Any CPU.Build.0 = Release|Any CPU
		{025FAA7D-537B-4951-A6E5-0B9EBBD0538E}.Debug|Any CPU.ActiveCfg = Debug|Any CPU
		{025FAA7D-537B-4951-A6E5-0B9EBBD0538E}.Debug|Any CPU.Build.0 = Debug|Any CPU
		{025FAA7D-537B-4951-A6E5-0B9EBBD0538E}.Release|Any CPU.ActiveCfg = Release|Any CPU
		{025FAA7D-537B-4951-A6E5-0B9EBBD0538E}.Release|Any CPU.Build.0 = Release|Any CPU
		{92052F1B-7979-4C5D-9F35-C60F486F928F}.Debug|Any CPU.ActiveCfg = Debug|Any CPU
		{92052F1B-7979-4C5D-9F35-C60F486F928F}.Debug|Any CPU.Build.0 = Debug|Any CPU
		{92052F1B-7979-4C5D-9F35-C60F486F928F}.Release|Any CPU.ActiveCfg = Release|Any CPU
		{92052F1B-7979-4C5D-9F35-C60F486F928F}.Release|Any CPU.Build.0 = Release|Any CPU
		{064442E5-8B7A-47E1-974A-BA61D24DFF14}.Debug|Any CPU.ActiveCfg = Debug|Any CPU
		{064442E5-8B7A-47E1-974A-BA61D24DFF14}.Debug|Any CPU.Build.0 = Debug|Any CPU
		{064442E5-8B7A-47E1-974A-BA61D24DFF14}.Release|Any CPU.ActiveCfg = Release|Any CPU
		{064442E5-8B7A-47E1-974A-BA61D24DFF14}.Release|Any CPU.Build.0 = Release|Any CPU
		{79E064BF-E62D-46B2-92A5-E76AB980D243}.Debug|Any CPU.ActiveCfg = Debug|Any CPU
		{79E064BF-E62D-46B2-92A5-E76AB980D243}.Debug|Any CPU.Build.0 = Debug|Any CPU
		{79E064BF-E62D-46B2-92A5-E76AB980D243}.Release|Any CPU.ActiveCfg = Release|Any CPU
		{79E064BF-E62D-46B2-92A5-E76AB980D243}.Release|Any CPU.Build.0 = Release|Any CPU
		{574F8D3A-2251-4E11-B96D-DEBBC0B7DDFB}.Debug|Any CPU.ActiveCfg = Debug|Any CPU
		{574F8D3A-2251-4E11-B96D-DEBBC0B7DDFB}.Debug|Any CPU.Build.0 = Debug|Any CPU
		{574F8D3A-2251-4E11-B96D-DEBBC0B7DDFB}.Release|Any CPU.ActiveCfg = Release|Any CPU
		{574F8D3A-2251-4E11-B96D-DEBBC0B7DDFB}.Release|Any CPU.Build.0 = Release|Any CPU
		{457B3066-5B1F-4ACC-BF56-0ED2B727319E}.Debug|Any CPU.ActiveCfg = Debug|Any CPU
		{457B3066-5B1F-4ACC-BF56-0ED2B727319E}.Debug|Any CPU.Build.0 = Debug|Any CPU
		{457B3066-5B1F-4ACC-BF56-0ED2B727319E}.Release|Any CPU.ActiveCfg = Release|Any CPU
		{457B3066-5B1F-4ACC-BF56-0ED2B727319E}.Release|Any CPU.Build.0 = Release|Any CPU
		{69B9ED81-415B-4E46-9372-FE79065DAEDA}.Debug|Any CPU.ActiveCfg = Debug|Any CPU
		{69B9ED81-415B-4E46-9372-FE79065DAEDA}.Debug|Any CPU.Build.0 = Debug|Any CPU
		{69B9ED81-415B-4E46-9372-FE79065DAEDA}.Release|Any CPU.ActiveCfg = Release|Any CPU
		{69B9ED81-415B-4E46-9372-FE79065DAEDA}.Release|Any CPU.Build.0 = Release|Any CPU
		{2BFACDC3-F44D-4199-8498-F5C3C4AC0335}.Debug|Any CPU.ActiveCfg = Debug|Any CPU
		{2BFACDC3-F44D-4199-8498-F5C3C4AC0335}.Debug|Any CPU.Build.0 = Debug|Any CPU
		{2BFACDC3-F44D-4199-8498-F5C3C4AC0335}.Release|Any CPU.ActiveCfg = Release|Any CPU
		{2BFACDC3-F44D-4199-8498-F5C3C4AC0335}.Release|Any CPU.Build.0 = Release|Any CPU
		{E461C0A8-8900-485C-B520-E929BA33F712}.Debug|Any CPU.ActiveCfg = Debug|Any CPU
		{E461C0A8-8900-485C-B520-E929BA33F712}.Debug|Any CPU.Build.0 = Debug|Any CPU
		{E461C0A8-8900-485C-B520-E929BA33F712}.Release|Any CPU.ActiveCfg = Release|Any CPU
		{E461C0A8-8900-485C-B520-E929BA33F712}.Release|Any CPU.Build.0 = Release|Any CPU
		{3C4FDF66-7F93-48EE-9A47-E8A9976AE153}.Debug|Any CPU.ActiveCfg = Debug|Any CPU
		{3C4FDF66-7F93-48EE-9A47-E8A9976AE153}.Debug|Any CPU.Build.0 = Debug|Any CPU
		{3C4FDF66-7F93-48EE-9A47-E8A9976AE153}.Release|Any CPU.ActiveCfg = Release|Any CPU
		{3C4FDF66-7F93-48EE-9A47-E8A9976AE153}.Release|Any CPU.Build.0 = Release|Any CPU
		{9E2F59CE-85F7-44EE-85B7-F143288406E3}.Debug|Any CPU.ActiveCfg = Debug|Any CPU
		{9E2F59CE-85F7-44EE-85B7-F143288406E3}.Debug|Any CPU.Build.0 = Debug|Any CPU
		{9E2F59CE-85F7-44EE-85B7-F143288406E3}.Release|Any CPU.ActiveCfg = Release|Any CPU
		{9E2F59CE-85F7-44EE-85B7-F143288406E3}.Release|Any CPU.Build.0 = Release|Any CPU
		{0B8C9EF4-330A-4000-AFCA-E1BE7FD13689}.Debug|Any CPU.ActiveCfg = Debug|Any CPU
		{0B8C9EF4-330A-4000-AFCA-E1BE7FD13689}.Debug|Any CPU.Build.0 = Debug|Any CPU
		{0B8C9EF4-330A-4000-AFCA-E1BE7FD13689}.Release|Any CPU.ActiveCfg = Release|Any CPU
		{0B8C9EF4-330A-4000-AFCA-E1BE7FD13689}.Release|Any CPU.Build.0 = Release|Any CPU
		{900BBDC9-4C12-429E-964F-F03F2BCF5361}.Debug|Any CPU.ActiveCfg = Debug|Any CPU
		{900BBDC9-4C12-429E-964F-F03F2BCF5361}.Debug|Any CPU.Build.0 = Debug|Any CPU
		{900BBDC9-4C12-429E-964F-F03F2BCF5361}.Release|Any CPU.ActiveCfg = Release|Any CPU
		{900BBDC9-4C12-429E-964F-F03F2BCF5361}.Release|Any CPU.Build.0 = Release|Any CPU
		{6DA745F4-2148-428A-9E51-C9169A55EEA3}.Debug|Any CPU.ActiveCfg = Debug|Any CPU
		{6DA745F4-2148-428A-9E51-C9169A55EEA3}.Debug|Any CPU.Build.0 = Debug|Any CPU
		{6DA745F4-2148-428A-9E51-C9169A55EEA3}.Release|Any CPU.ActiveCfg = Release|Any CPU
		{6DA745F4-2148-428A-9E51-C9169A55EEA3}.Release|Any CPU.Build.0 = Release|Any CPU
		{94B1162D-6571-401E-AE67-3D194F822BCC}.Debug|Any CPU.ActiveCfg = Debug|Any CPU
		{94B1162D-6571-401E-AE67-3D194F822BCC}.Debug|Any CPU.Build.0 = Debug|Any CPU
		{94B1162D-6571-401E-AE67-3D194F822BCC}.Release|Any CPU.ActiveCfg = Release|Any CPU
		{94B1162D-6571-401E-AE67-3D194F822BCC}.Release|Any CPU.Build.0 = Release|Any CPU
		{570A0D6A-6A25-4BA0-BCFE-82E1CD171439}.Debug|Any CPU.ActiveCfg = Debug|Any CPU
		{570A0D6A-6A25-4BA0-BCFE-82E1CD171439}.Debug|Any CPU.Build.0 = Debug|Any CPU
		{570A0D6A-6A25-4BA0-BCFE-82E1CD171439}.Release|Any CPU.ActiveCfg = Release|Any CPU
		{570A0D6A-6A25-4BA0-BCFE-82E1CD171439}.Release|Any CPU.Build.0 = Release|Any CPU
		{875BF465-24DF-4379-B1BD-1E9605991FE1}.Debug|Any CPU.ActiveCfg = Debug|Any CPU
		{875BF465-24DF-4379-B1BD-1E9605991FE1}.Debug|Any CPU.Build.0 = Debug|Any CPU
		{875BF465-24DF-4379-B1BD-1E9605991FE1}.Release|Any CPU.ActiveCfg = Release|Any CPU
		{875BF465-24DF-4379-B1BD-1E9605991FE1}.Release|Any CPU.Build.0 = Release|Any CPU
		{889DB3BC-ECDE-4DBD-A615-D19684922B17}.Debug|Any CPU.ActiveCfg = Debug|Any CPU
		{889DB3BC-ECDE-4DBD-A615-D19684922B17}.Debug|Any CPU.Build.0 = Debug|Any CPU
		{889DB3BC-ECDE-4DBD-A615-D19684922B17}.Release|Any CPU.ActiveCfg = Release|Any CPU
		{889DB3BC-ECDE-4DBD-A615-D19684922B17}.Release|Any CPU.Build.0 = Release|Any CPU
		{24A49153-108B-400B-9890-B0D456B98E6F}.Debug|Any CPU.ActiveCfg = Debug|Any CPU
		{24A49153-108B-400B-9890-B0D456B98E6F}.Debug|Any CPU.Build.0 = Debug|Any CPU
		{24A49153-108B-400B-9890-B0D456B98E6F}.Release|Any CPU.ActiveCfg = Release|Any CPU
		{24A49153-108B-400B-9890-B0D456B98E6F}.Release|Any CPU.Build.0 = Release|Any CPU
		{66C81FB5-1CC8-48D5-A8FC-9B4C5065DF39}.Debug|Any CPU.ActiveCfg = Debug|Any CPU
		{66C81FB5-1CC8-48D5-A8FC-9B4C5065DF39}.Debug|Any CPU.Build.0 = Debug|Any CPU
		{66C81FB5-1CC8-48D5-A8FC-9B4C5065DF39}.Release|Any CPU.ActiveCfg = Release|Any CPU
		{66C81FB5-1CC8-48D5-A8FC-9B4C5065DF39}.Release|Any CPU.Build.0 = Release|Any CPU
		{B1E8A0F0-7DBA-4726-A516-8B3E7CADF43E}.Debug|Any CPU.ActiveCfg = Debug|Any CPU
		{B1E8A0F0-7DBA-4726-A516-8B3E7CADF43E}.Debug|Any CPU.Build.0 = Debug|Any CPU
		{B1E8A0F0-7DBA-4726-A516-8B3E7CADF43E}.Release|Any CPU.ActiveCfg = Release|Any CPU
		{B1E8A0F0-7DBA-4726-A516-8B3E7CADF43E}.Release|Any CPU.Build.0 = Release|Any CPU
		{4A60667C-EB74-42AB-A9A2-C9557DB300DE}.Debug|Any CPU.ActiveCfg = Debug|Any CPU
		{4A60667C-EB74-42AB-A9A2-C9557DB300DE}.Debug|Any CPU.Build.0 = Debug|Any CPU
		{4A60667C-EB74-42AB-A9A2-C9557DB300DE}.Release|Any CPU.ActiveCfg = Release|Any CPU
		{4A60667C-EB74-42AB-A9A2-C9557DB300DE}.Release|Any CPU.Build.0 = Release|Any CPU
		{1651B7D8-76D5-4563-830E-414EF2BB6363}.Debug|Any CPU.ActiveCfg = Debug|Any CPU
		{1651B7D8-76D5-4563-830E-414EF2BB6363}.Debug|Any CPU.Build.0 = Debug|Any CPU
		{1651B7D8-76D5-4563-830E-414EF2BB6363}.Release|Any CPU.ActiveCfg = Release|Any CPU
		{1651B7D8-76D5-4563-830E-414EF2BB6363}.Release|Any CPU.Build.0 = Release|Any CPU
		{2C6721FF-A62D-4CE9-AECF-71D69C994EED}.Debug|Any CPU.ActiveCfg = Debug|Any CPU
		{2C6721FF-A62D-4CE9-AECF-71D69C994EED}.Debug|Any CPU.Build.0 = Debug|Any CPU
		{2C6721FF-A62D-4CE9-AECF-71D69C994EED}.Release|Any CPU.ActiveCfg = Release|Any CPU
		{2C6721FF-A62D-4CE9-AECF-71D69C994EED}.Release|Any CPU.Build.0 = Release|Any CPU
		{B422D9E3-3635-4D3B-AB59-5B1E2529EF12}.Debug|Any CPU.ActiveCfg = Debug|Any CPU
		{B422D9E3-3635-4D3B-AB59-5B1E2529EF12}.Debug|Any CPU.Build.0 = Debug|Any CPU
		{B422D9E3-3635-4D3B-AB59-5B1E2529EF12}.Release|Any CPU.ActiveCfg = Release|Any CPU
		{B422D9E3-3635-4D3B-AB59-5B1E2529EF12}.Release|Any CPU.Build.0 = Release|Any CPU
		{B02FF092-5DDD-4CDE-B88E-774A6533F390}.Debug|Any CPU.ActiveCfg = Debug|Any CPU
		{B02FF092-5DDD-4CDE-B88E-774A6533F390}.Debug|Any CPU.Build.0 = Debug|Any CPU
		{B02FF092-5DDD-4CDE-B88E-774A6533F390}.Release|Any CPU.ActiveCfg = Release|Any CPU
		{B02FF092-5DDD-4CDE-B88E-774A6533F390}.Release|Any CPU.Build.0 = Release|Any CPU
		{5CCAE6FF-5468-41A1-B507-25634426EBF5}.Debug|Any CPU.ActiveCfg = Debug|Any CPU
		{5CCAE6FF-5468-41A1-B507-25634426EBF5}.Debug|Any CPU.Build.0 = Debug|Any CPU
		{5CCAE6FF-5468-41A1-B507-25634426EBF5}.Release|Any CPU.ActiveCfg = Release|Any CPU
		{5CCAE6FF-5468-41A1-B507-25634426EBF5}.Release|Any CPU.Build.0 = Release|Any CPU
		{6A9CA398-B70B-49B1-81E4-9055865F87BF}.Debug|Any CPU.ActiveCfg = Debug|Any CPU
		{6A9CA398-B70B-49B1-81E4-9055865F87BF}.Debug|Any CPU.Build.0 = Debug|Any CPU
		{6A9CA398-B70B-49B1-81E4-9055865F87BF}.Release|Any CPU.ActiveCfg = Release|Any CPU
		{6A9CA398-B70B-49B1-81E4-9055865F87BF}.Release|Any CPU.Build.0 = Release|Any CPU
		{D0E0D835-2D87-4DD0-8CE5-3C8A971DE921}.Debug|Any CPU.ActiveCfg = Debug|Any CPU
		{D0E0D835-2D87-4DD0-8CE5-3C8A971DE921}.Debug|Any CPU.Build.0 = Debug|Any CPU
		{D0E0D835-2D87-4DD0-8CE5-3C8A971DE921}.Release|Any CPU.ActiveCfg = Release|Any CPU
		{D0E0D835-2D87-4DD0-8CE5-3C8A971DE921}.Release|Any CPU.Build.0 = Release|Any CPU
		{CFCA7314-3B74-4B95-8564-D9BA2066F09A}.Debug|Any CPU.ActiveCfg = Debug|Any CPU
		{CFCA7314-3B74-4B95-8564-D9BA2066F09A}.Debug|Any CPU.Build.0 = Debug|Any CPU
		{CFCA7314-3B74-4B95-8564-D9BA2066F09A}.Release|Any CPU.ActiveCfg = Release|Any CPU
		{CFCA7314-3B74-4B95-8564-D9BA2066F09A}.Release|Any CPU.Build.0 = Release|Any CPU
		{E43B5A29-AE89-4D54-928A-1369EDEBD02C}.Debug|Any CPU.ActiveCfg = Debug|Any CPU
		{E43B5A29-AE89-4D54-928A-1369EDEBD02C}.Debug|Any CPU.Build.0 = Debug|Any CPU
		{E43B5A29-AE89-4D54-928A-1369EDEBD02C}.Release|Any CPU.ActiveCfg = Release|Any CPU
		{E43B5A29-AE89-4D54-928A-1369EDEBD02C}.Release|Any CPU.Build.0 = Release|Any CPU
		{B369AF00-B299-4AAD-82B8-9EE176B0A1B3}.Debug|Any CPU.ActiveCfg = Debug|Any CPU
		{B369AF00-B299-4AAD-82B8-9EE176B0A1B3}.Debug|Any CPU.Build.0 = Debug|Any CPU
		{B369AF00-B299-4AAD-82B8-9EE176B0A1B3}.Release|Any CPU.ActiveCfg = Release|Any CPU
		{B369AF00-B299-4AAD-82B8-9EE176B0A1B3}.Release|Any CPU.Build.0 = Release|Any CPU
	EndGlobalSection
	GlobalSection(SolutionProperties) = preSolution
		HideSolutionNode = FALSE
	EndGlobalSection
	GlobalSection(NestedProjects) = preSolution
		{83681510-C757-457B-A370-EB4263FB07E2} = {50E71813-5CFC-43F0-A4E7-BE5FACC60C26}
		{BDF666CC-C69C-4D5E-A9B1-4AE488525341} = {50E71813-5CFC-43F0-A4E7-BE5FACC60C26}
		{4CF36990-A86E-40F3-AD7F-4C0501B303E1} = {50E71813-5CFC-43F0-A4E7-BE5FACC60C26}
		{85E83F36-314F-4280-BC17-7F48E0B35C37} = {50E71813-5CFC-43F0-A4E7-BE5FACC60C26}
		{1CBC4CE8-C9C1-4572-BACF-AB02FB00A053} = {50E71813-5CFC-43F0-A4E7-BE5FACC60C26}
		{3EA5DD6B-6623-420D-8016-A6845ABDA3F8} = {F002EB85-340A-4B62-8A28-E70B928A6586}
		{6317FE05-686E-4B65-915D-E3CC02CA1E5E} = {F002EB85-340A-4B62-8A28-E70B928A6586}
		{CFD8E689-8590-4148-8DB0-DDCD1985B78C} = {F002EB85-340A-4B62-8A28-E70B928A6586}
		{3D4D1AA2-B26E-4626-9575-AE006D3D84F5} = {F002EB85-340A-4B62-8A28-E70B928A6586}
		{773C6A0B-15F6-4E4F-81D5-9CAAED2D8EF4} = {479E9171-ACF3-408E-98E8-5DC5AD31FA67}
		{60BA5FCF-E834-42A8-99EE-6A62B09D972A} = {479E9171-ACF3-408E-98E8-5DC5AD31FA67}
		{8212842E-E1D5-47D3-9B7E-412B25B26B0D} = {65A3FFC9-A32F-4679-AFB4-E14248E0D7FF}
		{86B42688-F71A-4982-81F1-B6F7E4A86CC5} = {65A3FFC9-A32F-4679-AFB4-E14248E0D7FF}
		{7A0EB6BB-F391-4694-8774-D368E28ADFA5} = {65A3FFC9-A32F-4679-AFB4-E14248E0D7FF}
		{025FAA7D-537B-4951-A6E5-0B9EBBD0538E} = {65A3FFC9-A32F-4679-AFB4-E14248E0D7FF}
		{92052F1B-7979-4C5D-9F35-C60F486F928F} = {DE24C544-1423-4BD4-B0A0-D5FE0C00134B}
		{064442E5-8B7A-47E1-974A-BA61D24DFF14} = {DE24C544-1423-4BD4-B0A0-D5FE0C00134B}
		{79E064BF-E62D-46B2-92A5-E76AB980D243} = {698E4D1C-729E-44A8-9067-1405D97B4244}
		{574F8D3A-2251-4E11-B96D-DEBBC0B7DDFB} = {698E4D1C-729E-44A8-9067-1405D97B4244}
		{457B3066-5B1F-4ACC-BF56-0ED2B727319E} = {698E4D1C-729E-44A8-9067-1405D97B4244}
		{69B9ED81-415B-4E46-9372-FE79065DAEDA} = {698E4D1C-729E-44A8-9067-1405D97B4244}
		{2BFACDC3-F44D-4199-8498-F5C3C4AC0335} = {DB937CE1-D310-4E08-82DC-B24DEEAFB490}
		{E461C0A8-8900-485C-B520-E929BA33F712} = {DB937CE1-D310-4E08-82DC-B24DEEAFB490}
		{3C4FDF66-7F93-48EE-9A47-E8A9976AE153} = {380A4FA3-697F-492F-ADBB-7047AC1EBCAC}
		{9E2F59CE-85F7-44EE-85B7-F143288406E3} = {380A4FA3-697F-492F-ADBB-7047AC1EBCAC}
		{0B8C9EF4-330A-4000-AFCA-E1BE7FD13689} = {380A4FA3-697F-492F-ADBB-7047AC1EBCAC}
		{900BBDC9-4C12-429E-964F-F03F2BCF5361} = {A9AACCE4-5E54-41B7-8630-290B0FF54A68}
		{6DA745F4-2148-428A-9E51-C9169A55EEA3} = {A9AACCE4-5E54-41B7-8630-290B0FF54A68}
		{94B1162D-6571-401E-AE67-3D194F822BCC} = {A9AACCE4-5E54-41B7-8630-290B0FF54A68}
		{570A0D6A-6A25-4BA0-BCFE-82E1CD171439} = {A9AACCE4-5E54-41B7-8630-290B0FF54A68}
		{875BF465-24DF-4379-B1BD-1E9605991FE1} = {69D65B71-7BD3-46C5-B10F-951ACC805F40}
		{889DB3BC-ECDE-4DBD-A615-D19684922B17} = {E555512D-6DAE-454B-A303-4FB35BC74572}
		{24A49153-108B-400B-9890-B0D456B98E6F} = {AB3C5E9B-E736-417F-A9C8-24C78A8EDCCE}
		{D75A7FCB-96AF-4F8F-91A4-77FD8338A67A} = {AB3C5E9B-E736-417F-A9C8-24C78A8EDCCE}
		{66C81FB5-1CC8-48D5-A8FC-9B4C5065DF39} = {D75A7FCB-96AF-4F8F-91A4-77FD8338A67A}
		{B1E8A0F0-7DBA-4726-A516-8B3E7CADF43E} = {D75A7FCB-96AF-4F8F-91A4-77FD8338A67A}
		{4A60667C-EB74-42AB-A9A2-C9557DB300DE} = {AB3C5E9B-E736-417F-A9C8-24C78A8EDCCE}
		{DD0C6792-12A4-453C-A1C3-4D76A2DDCEF3} = {AB3C5E9B-E736-417F-A9C8-24C78A8EDCCE}
		{1651B7D8-76D5-4563-830E-414EF2BB6363} = {DD0C6792-12A4-453C-A1C3-4D76A2DDCEF3}
		{2C6721FF-A62D-4CE9-AECF-71D69C994EED} = {7A25F49E-6437-4F9A-98E9-D5A7A3371B8B}
		{B422D9E3-3635-4D3B-AB59-5B1E2529EF12} = {7A25F49E-6437-4F9A-98E9-D5A7A3371B8B}
		{B02FF092-5DDD-4CDE-B88E-774A6533F390} = {536CD7AC-D360-4402-9530-F0069E9FA6B0}
		{5CCAE6FF-5468-41A1-B507-25634426EBF5} = {B244DA54-2C1B-4DB7-A944-45EB8761962E}
		{6A9CA398-B70B-49B1-81E4-9055865F87BF} = {B244DA54-2C1B-4DB7-A944-45EB8761962E}
		{D0E0D835-2D87-4DD0-8CE5-3C8A971DE921} = {F17F5FA2-C57D-48D3-B17A-7C922DC29330}
		{CFCA7314-3B74-4B95-8564-D9BA2066F09A} = {F17F5FA2-C57D-48D3-B17A-7C922DC29330}
		{E43B5A29-AE89-4D54-928A-1369EDEBD02C} = {F17F5FA2-C57D-48D3-B17A-7C922DC29330}
		{B369AF00-B299-4AAD-82B8-9EE176B0A1B3} = {F17F5FA2-C57D-48D3-B17A-7C922DC29330}
	EndGlobalSection
	GlobalSection(ExtensibilityGlobals) = postSolution
		SolutionGuid = {5214FC26-0CB2-4B8D-8C45-FEFB977D14E4}
	EndGlobalSection
EndGlobal
