
Microsoft Visual Studio Solution File, Format Version 12.00
# Visual Studio Version 16
VisualStudioVersion = 16.0.32228.343
MinimumVisualStudioVersion = 10.0.40219.1
Project("{2150E333-8FDC-42A3-9474-1A3956D46DE8}") = "Chapter02", "Chapter02", "{50E71813-5CFC-43F0-A4E7-BE5FACC60C26}"
EndProject
Project("{FAE04EC0-301F-11D3-BF4B-00C04F79EFBC}") = "DistanceConverter", "Chapter02\DistanceConverter\DistanceConverter.csproj", "{83681510-C757-457B-A370-EB4263FB07E2}"
EndProject
Project("{FAE04EC0-301F-11D3-BF4B-00C04F79EFBC}") = "Exercise01", "Chapter02\Exercise01\Exercise01\Exercise01.csproj", "{BDF666CC-C69C-4D5E-A9B1-4AE488525341}"
EndProject
Project("{FAE04EC0-301F-11D3-BF4B-00C04F79EFBC}") = "Exercise02", "Chapter02\Exercise02\Exercise02.csproj", "{4CF36990-A86E-40F3-AD7F-4C0501B303E1}"
EndProject
Project("{FAE04EC0-301F-11D3-BF4B-00C04F79EFBC}") = "Exercise03", "Chapter02\Exercise03\Exercise03.csproj", "{85E83F36-314F-4280-BC17-7F48E0B35C37}"
EndProject
Project("{FAE04EC0-301F-11D3-BF4B-00C04F79EFBC}") = "SalesCalculator", "Chapter02\SalesCalculator\SalesCalculator.csproj", "{1CBC4CE8-C9C1-4572-BACF-AB02FB00A053}"
EndProject
Project("{2150E333-8FDC-42A3-9474-1A3956D46DE8}") = "Chapter03", "Chapter03", "{F002EB85-340A-4B62-8A28-E70B928A6586}"
EndProject
Project("{FAE04EC0-301F-11D3-BF4B-00C04F79EFBC}") = "Exercise01", "Chapter03\Exercise01\Exercise01.csproj", "{3EA5DD6B-6623-420D-8016-A6845ABDA3F8}"
EndProject
Project("{FAE04EC0-301F-11D3-BF4B-00C04F79EFBC}") = "Exercise02", "Chapter03\Exercise02\Exercise02.csproj", "{6317FE05-686E-4B65-915D-E3CC02CA1E5E}"
EndProject
Project("{FAE04EC0-301F-11D3-BF4B-00C04F79EFBC}") = "Section01", "Chapter03\Section01\Section01.csproj", "{CFD8E689-8590-4148-8DB0-DDCD1985B78C}"
EndProject
Project("{FAE04EC0-301F-11D3-BF4B-00C04F79EFBC}") = "Section04", "Chapter03\Section02\Section04.csproj", "{3D4D1AA2-B26E-4626-9575-AE006D3D84F5}"
EndProject
Project("{2150E333-8FDC-42A3-9474-1A3956D46DE8}") = "Chapter04", "Chapter04", "{479E9171-ACF3-408E-98E8-5DC5AD31FA67}"
EndProject
Project("{FAE04EC0-301F-11D3-BF4B-00C04F79EFBC}") = "Exercise01", "Chapter04\Exercise01\Exercise01.csproj", "{773C6A0B-15F6-4E4F-81D5-9CAAED2D8EF4}"
EndProject
Project("{FAE04EC0-301F-11D3-BF4B-00C04F79EFBC}") = "Exercise02", "Chapter04\Exercise02\Exercise02.csproj", "{60BA5FCF-E834-42A8-99EE-6A62B09D972A}"
EndProject
Project("{2150E333-8FDC-42A3-9474-1A3956D46DE8}") = "Chapter05", "Chapter05", "{65A3FFC9-A32F-4679-AFB4-E14248E0D7FF}"
EndProject
Project("{FAE04EC0-301F-11D3-BF4B-00C04F79EFBC}") = "Exercise01", "Chapter05\Exercise01\Exercise01.csproj", "{8212842E-E1D5-47D3-9B7E-412B25B26B0D}"
EndProject
Project("{FAE04EC0-301F-11D3-BF4B-00C04F79EFBC}") = "Exercise02", "Chapter05\Exercise02\Exercise02.csproj", "{86B42688-F71A-4982-81F1-B6F7E4A86CC5}"
EndProject
Project("{FAE04EC0-301F-11D3-BF4B-00C04F79EFBC}") = "Exercise03", "Chapter05\Exercise03\Exercise03.csproj", "{7A0EB6BB-F391-4694-8774-D368E28ADFA5}"
EndProject
Project("{FAE04EC0-301F-11D3-BF4B-00C04F79EFBC}") = "Exercise04", "Chapter05\Exercise04\Exercise04.csproj", "{025FAA7D-537B-4951-A6E5-0B9EBBD0538E}"
EndProject
Project("{2150E333-8FDC-42A3-9474-1A3956D46DE8}") = "Chapter06", "Chapter06", "{DE24C544-1423-4BD4-B0A0-D5FE0C00134B}"
EndProject
Project("{FAE04EC0-301F-11D3-BF4B-00C04F79EFBC}") = "Exercise01", "Chapter06\Exercise01\Exercise01.csproj", "{92052F1B-7979-4C5D-9F35-C60F486F928F}"
EndProject
Project("{FAE04EC0-301F-11D3-BF4B-00C04F79EFBC}") = "Exercise02", "Chapter06\Exercise02\Exercise02.csproj", "{064442E5-8B7A-47E1-974A-BA61D24DFF14}"
EndProject
Project("{2150E333-8FDC-42A3-9474-1A3956D46DE8}") = "FormAppSample", "FormAppSample", "{698E4D1C-729E-44A8-9067-1405D97B4244}"
EndProject
Project("{FAE04EC0-301F-11D3-BF4B-00C04F79EFBC}") = "Sample0603", "FormAppSample\Sample0603\Sample0603.csproj", "{F7A95DE1-C0D9-4056-B4ED-B7D835B99A51}"
EndProject
Global
	GlobalSection(SolutionConfigurationPlatforms) = preSolution
		Debug|Any CPU = Debug|Any CPU
		Release|Any CPU = Release|Any CPU
	EndGlobalSection
	GlobalSection(ProjectConfigurationPlatforms) = postSolution
		{83681510-C757-457B-A370-EB4263FB07E2}.Debug|Any CPU.ActiveCfg = Debug|Any CPU
		{83681510-C757-457B-A370-EB4263FB07E2}.Debug|Any CPU.Build.0 = Debug|Any CPU
		{83681510-C757-457B-A370-EB4263FB07E2}.Release|Any CPU.ActiveCfg = Release|Any CPU
		{83681510-C757-457B-A370-EB4263FB07E2}.Release|Any CPU.Build.0 = Release|Any CPU
		{BDF666CC-C69C-4D5E-A9B1-4AE488525341}.Debug|Any CPU.ActiveCfg = Debug|Any CPU
		{BDF666CC-C69C-4D5E-A9B1-4AE488525341}.Debug|Any CPU.Build.0 = Debug|Any CPU
		{BDF666CC-C69C-4D5E-A9B1-4AE488525341}.Release|Any CPU.ActiveCfg = Release|Any CPU
		{BDF666CC-C69C-4D5E-A9B1-4AE488525341}.Release|Any CPU.Build.0 = Release|Any CPU
		{4CF36990-A86E-40F3-AD7F-4C0501B303E1}.Debug|Any CPU.ActiveCfg = Debug|Any CPU
		{4CF36990-A86E-40F3-AD7F-4C0501B303E1}.Debug|Any CPU.Build.0 = Debug|Any CPU
		{4CF36990-A86E-40F3-AD7F-4C0501B303E1}.Release|Any CPU.ActiveCfg = Release|Any CPU
		{4CF36990-A86E-40F3-AD7F-4C0501B303E1}.Release|Any CPU.Build.0 = Release|Any CPU
		{85E83F36-314F-4280-BC17-7F48E0B35C37}.Debug|Any CPU.ActiveCfg = Debug|Any CPU
		{85E83F36-314F-4280-BC17-7F48E0B35C37}.Debug|Any CPU.Build.0 = Debug|Any CPU
		{85E83F36-314F-4280-BC17-7F48E0B35C37}.Release|Any CPU.ActiveCfg = Release|Any CPU
		{85E83F36-314F-4280-BC17-7F48E0B35C37}.Release|Any CPU.Build.0 = Release|Any CPU
		{1CBC4CE8-C9C1-4572-BACF-AB02FB00A053}.Debug|Any CPU.ActiveCfg = Debug|Any CPU
		{1CBC4CE8-C9C1-4572-BACF-AB02FB00A053}.Debug|Any CPU.Build.0 = Debug|Any CPU
		{1CBC4CE8-C9C1-4572-BACF-AB02FB00A053}.Release|Any CPU.ActiveCfg = Release|Any CPU
		{1CBC4CE8-C9C1-4572-BACF-AB02FB00A053}.Release|Any CPU.Build.0 = Release|Any CPU
		{3EA5DD6B-6623-420D-8016-A6845ABDA3F8}.Debug|Any CPU.ActiveCfg = Debug|Any CPU
		{3EA5DD6B-6623-420D-8016-A6845ABDA3F8}.Debug|Any CPU.Build.0 = Debug|Any CPU
		{3EA5DD6B-6623-420D-8016-A6845ABDA3F8}.Release|Any CPU.ActiveCfg = Release|Any CPU
		{3EA5DD6B-6623-420D-8016-A6845ABDA3F8}.Release|Any CPU.Build.0 = Release|Any CPU
		{6317FE05-686E-4B65-915D-E3CC02CA1E5E}.Debug|Any CPU.ActiveCfg = Debug|Any CPU
		{6317FE05-686E-4B65-915D-E3CC02CA1E5E}.Debug|Any CPU.Build.0 = Debug|Any CPU
		{6317FE05-686E-4B65-915D-E3CC02CA1E5E}.Release|Any CPU.ActiveCfg = Release|Any CPU
		{6317FE05-686E-4B65-915D-E3CC02CA1E5E}.Release|Any CPU.Build.0 = Release|Any CPU
		{CFD8E689-8590-4148-8DB0-DDCD1985B78C}.Debug|Any CPU.ActiveCfg = Debug|Any CPU
		{CFD8E689-8590-4148-8DB0-DDCD1985B78C}.Debug|Any CPU.Build.0 = Debug|Any CPU
		{CFD8E689-8590-4148-8DB0-DDCD1985B78C}.Release|Any CPU.ActiveCfg = Release|Any CPU
		{CFD8E689-8590-4148-8DB0-DDCD1985B78C}.Release|Any CPU.Build.0 = Release|Any CPU
		{3D4D1AA2-B26E-4626-9575-AE006D3D84F5}.Debug|Any CPU.ActiveCfg = Debug|Any CPU
		{3D4D1AA2-B26E-4626-9575-AE006D3D84F5}.Debug|Any CPU.Build.0 = Debug|Any CPU
		{3D4D1AA2-B26E-4626-9575-AE006D3D84F5}.Release|Any CPU.ActiveCfg = Release|Any CPU
		{3D4D1AA2-B26E-4626-9575-AE006D3D84F5}.Release|Any CPU.Build.0 = Release|Any CPU
		{773C6A0B-15F6-4E4F-81D5-9CAAED2D8EF4}.Debug|Any CPU.ActiveCfg = Debug|Any CPU
		{773C6A0B-15F6-4E4F-81D5-9CAAED2D8EF4}.Debug|Any CPU.Build.0 = Debug|Any CPU
		{773C6A0B-15F6-4E4F-81D5-9CAAED2D8EF4}.Release|Any CPU.ActiveCfg = Release|Any CPU
		{773C6A0B-15F6-4E4F-81D5-9CAAED2D8EF4}.Release|Any CPU.Build.0 = Release|Any CPU
		{60BA5FCF-E834-42A8-99EE-6A62B09D972A}.Debug|Any CPU.ActiveCfg = Debug|Any CPU
		{60BA5FCF-E834-42A8-99EE-6A62B09D972A}.Debug|Any CPU.Build.0 = Debug|Any CPU
		{60BA5FCF-E834-42A8-99EE-6A62B09D972A}.Release|Any CPU.ActiveCfg = Release|Any CPU
		{60BA5FCF-E834-42A8-99EE-6A62B09D972A}.Release|Any CPU.Build.0 = Release|Any CPU
		{8212842E-E1D5-47D3-9B7E-412B25B26B0D}.Debug|Any CPU.ActiveCfg = Debug|Any CPU
		{8212842E-E1D5-47D3-9B7E-412B25B26B0D}.Debug|Any CPU.Build.0 = Debug|Any CPU
		{8212842E-E1D5-47D3-9B7E-412B25B26B0D}.Release|Any CPU.ActiveCfg = Release|Any CPU
		{8212842E-E1D5-47D3-9B7E-412B25B26B0D}.Release|Any CPU.Build.0 = Release|Any CPU
		{86B42688-F71A-4982-81F1-B6F7E4A86CC5}.Debug|Any CPU.ActiveCfg = Debug|Any CPU
		{86B42688-F71A-4982-81F1-B6F7E4A86CC5}.Debug|Any CPU.Build.0 = Debug|Any CPU
		{86B42688-F71A-4982-81F1-B6F7E4A86CC5}.Release|Any CPU.ActiveCfg = Release|Any CPU
		{86B42688-F71A-4982-81F1-B6F7E4A86CC5}.Release|Any CPU.Build.0 = Release|Any CPU
		{7A0EB6BB-F391-4694-8774-D368E28ADFA5}.Debug|Any CPU.ActiveCfg = Debug|Any CPU
		{7A0EB6BB-F391-4694-8774-D368E28ADFA5}.Debug|Any CPU.Build.0 = Debug|Any CPU
		{7A0EB6BB-F391-4694-8774-D368E28ADFA5}.Release|Any CPU.ActiveCfg = Release|Any CPU
		{7A0EB6BB-F391-4694-8774-D368E28ADFA5}.Release|Any CPU.Build.0 = Release|Any CPU
		{025FAA7D-537B-4951-A6E5-0B9EBBD0538E}.Debug|Any CPU.ActiveCfg = Debug|Any CPU
		{025FAA7D-537B-4951-A6E5-0B9EBBD0538E}.Debug|Any CPU.Build.0 = Debug|Any CPU
		{025FAA7D-537B-4951-A6E5-0B9EBBD0538E}.Release|Any CPU.ActiveCfg = Release|Any CPU
		{025FAA7D-537B-4951-A6E5-0B9EBBD0538E}.Release|Any CPU.Build.0 = Release|Any CPU
		{92052F1B-7979-4C5D-9F35-C60F486F928F}.Debug|Any CPU.ActiveCfg = Debug|Any CPU
		{92052F1B-7979-4C5D-9F35-C60F486F928F}.Debug|Any CPU.Build.0 = Debug|Any CPU
		{92052F1B-7979-4C5D-9F35-C60F486F928F}.Release|Any CPU.ActiveCfg = Release|Any CPU
		{92052F1B-7979-4C5D-9F35-C60F486F928F}.Release|Any CPU.Build.0 = Release|Any CPU
		{064442E5-8B7A-47E1-974A-BA61D24DFF14}.Debug|Any CPU.ActiveCfg = Debug|Any CPU
		{064442E5-8B7A-47E1-974A-BA61D24DFF14}.Debug|Any CPU.Build.0 = Debug|Any CPU
		{064442E5-8B7A-47E1-974A-BA61D24DFF14}.Release|Any CPU.ActiveCfg = Release|Any CPU
		{064442E5-8B7A-47E1-974A-BA61D24DFF14}.Release|Any CPU.Build.0 = Release|Any CPU
		{F7A95DE1-C0D9-4056-B4ED-B7D835B99A51}.Debug|Any CPU.ActiveCfg = Debug|Any CPU
		{F7A95DE1-C0D9-4056-B4ED-B7D835B99A51}.Debug|Any CPU.Build.0 = Debug|Any CPU
		{F7A95DE1-C0D9-4056-B4ED-B7D835B99A51}.Release|Any CPU.ActiveCfg = Release|Any CPU
		{F7A95DE1-C0D9-4056-B4ED-B7D835B99A51}.Release|Any CPU.Build.0 = Release|Any CPU
	EndGlobalSection
	GlobalSection(SolutionProperties) = preSolution
		HideSolutionNode = FALSE
	EndGlobalSection
	GlobalSection(NestedProjects) = preSolution
		{83681510-C757-457B-A370-EB4263FB07E2} = {50E71813-5CFC-43F0-A4E7-BE5FACC60C26}
		{BDF666CC-C69C-4D5E-A9B1-4AE488525341} = {50E71813-5CFC-43F0-A4E7-BE5FACC60C26}
		{4CF36990-A86E-40F3-AD7F-4C0501B303E1} = {50E71813-5CFC-43F0-A4E7-BE5FACC60C26}
		{85E83F36-314F-4280-BC17-7F48E0B35C37} = {50E71813-5CFC-43F0-A4E7-BE5FACC60C26}
		{1CBC4CE8-C9C1-4572-BACF-AB02FB00A053} = {50E71813-5CFC-43F0-A4E7-BE5FACC60C26}
		{3EA5DD6B-6623-420D-8016-A6845ABDA3F8} = {F002EB85-340A-4B62-8A28-E70B928A6586}
		{6317FE05-686E-4B65-915D-E3CC02CA1E5E} = {F002EB85-340A-4B62-8A28-E70B928A6586}
		{CFD8E689-8590-4148-8DB0-DDCD1985B78C} = {F002EB85-340A-4B62-8A28-E70B928A6586}
		{3D4D1AA2-B26E-4626-9575-AE006D3D84F5} = {F002EB85-340A-4B62-8A28-E70B928A6586}
		{773C6A0B-15F6-4E4F-81D5-9CAAED2D8EF4} = {479E9171-ACF3-408E-98E8-5DC5AD31FA67}
		{60BA5FCF-E834-42A8-99EE-6A62B09D972A} = {479E9171-ACF3-408E-98E8-5DC5AD31FA67}
		{8212842E-E1D5-47D3-9B7E-412B25B26B0D} = {65A3FFC9-A32F-4679-AFB4-E14248E0D7FF}
		{86B42688-F71A-4982-81F1-B6F7E4A86CC5} = {65A3FFC9-A32F-4679-AFB4-E14248E0D7FF}
		{7A0EB6BB-F391-4694-8774-D368E28ADFA5} = {65A3FFC9-A32F-4679-AFB4-E14248E0D7FF}
		{025FAA7D-537B-4951-A6E5-0B9EBBD0538E} = {65A3FFC9-A32F-4679-AFB4-E14248E0D7FF}
		{92052F1B-7979-4C5D-9F35-C60F486F928F} = {DE24C544-1423-4BD4-B0A0-D5FE0C00134B}
		{064442E5-8B7A-47E1-974A-BA61D24DFF14} = {DE24C544-1423-4BD4-B0A0-D5FE0C00134B}
		{F7A95DE1-C0D9-4056-B4ED-B7D835B99A51} = {698E4D1C-729E-44A8-9067-1405D97B4244}
	EndGlobalSection
	GlobalSection(ExtensibilityGlobals) = postSolution
		SolutionGuid = {5214FC26-0CB2-4B8D-8C45-FEFB977D14E4}
	EndGlobalSection
EndGlobal
